// !$*UTF8*$!
{
	archiveVersion = 1;
	classes = {
	};
	objectVersion = 46;
	objects = {

/* Begin PBXBuildFile section */
		A1E5283A1CA11655003735E9 /* main.m in Sources */ = {isa = PBXBuildFile; fileRef = A1E528391CA11655003735E9 /* main.m */; };
		A1E5283D1CA11655003735E9 /* AppDelegate.m in Sources */ = {isa = PBXBuildFile; fileRef = A1E5283C1CA11655003735E9 /* AppDelegate.m */; };
		A1E528401CA11655003735E9 /* ViewController.m in Sources */ = {isa = PBXBuildFile; fileRef = A1E5283F1CA11655003735E9 /* ViewController.m */; };
		A1E528431CA11655003735E9 /* Main.storyboard in Resources */ = {isa = PBXBuildFile; fileRef = A1E528411CA11655003735E9 /* Main.storyboard */; };
		A1E528451CA11655003735E9 /* Assets.xcassets in Resources */ = {isa = PBXBuildFile; fileRef = A1E528441CA11655003735E9 /* Assets.xcassets */; };
		A1E528481CA11655003735E9 /* LaunchScreen.storyboard in Resources */ = {isa = PBXBuildFile; fileRef = A1E528461CA11655003735E9 /* LaunchScreen.storyboard */; };
		A1E528511CA1219D003735E9 /* ViewController1.m in Sources */ = {isa = PBXBuildFile; fileRef = A1E528501CA1219D003735E9 /* ViewController1.m */; };
		A1E528541CA121A8003735E9 /* ViewController2.m in Sources */ = {isa = PBXBuildFile; fileRef = A1E528531CA121A8003735E9 /* ViewController2.m */; };
		A1E5285A1CA1245A003735E9 /* SearchBar.m in Sources */ = {isa = PBXBuildFile; fileRef = A1E528591CA1245A003735E9 /* SearchBar.m */; };
		A1E528601CA14C6D003735E9 /* SearchLogic.m in Sources */ = {isa = PBXBuildFile; fileRef = A1E5285F1CA14C6D003735E9 /* SearchLogic.m */; };
/* End PBXBuildFile section */

/* Begin PBXFileReference section */
		A1E528351CA11655003735E9 /* Object.app */ = {isa = PBXFileReference; explicitFileType = wrapper.application; includeInIndex = 0; path = Object.app; sourceTree = BUILT_PRODUCTS_DIR; };
		A1E528391CA11655003735E9 /* main.m */ = {isa = PBXFileReference; lastKnownFileType = sourcecode.c.objc; path = main.m; sourceTree = "<group>"; };
		A1E5283B1CA11655003735E9 /* AppDelegate.h */ = {isa = PBXFileReference; lastKnownFileType = sourcecode.c.h; path = AppDelegate.h; sourceTree = "<group>"; };
		A1E5283C1CA11655003735E9 /* AppDelegate.m */ = {isa = PBXFileReference; lastKnownFileType = sourcecode.c.objc; path = AppDelegate.m; sourceTree = "<group>"; };
		A1E5283E1CA11655003735E9 /* ViewController.h */ = {isa = PBXFileReference; lastKnownFileType = sourcecode.c.h; path = ViewController.h; sourceTree = "<group>"; };
		A1E5283F1CA11655003735E9 /* ViewController.m */ = {isa = PBXFileReference; lastKnownFileType = sourcecode.c.objc; path = ViewController.m; sourceTree = "<group>"; };
		A1E528421CA11655003735E9 /* Base */ = {isa = PBXFileReference; lastKnownFileType = file.storyboard; name = Base; path = Base.lproj/Main.storyboard; sourceTree = "<group>"; };
		A1E528441CA11655003735E9 /* Assets.xcassets */ = {isa = PBXFileReference; lastKnownFileType = folder.assetcatalog; path = Assets.xcassets; sourceTree = "<group>"; };
		A1E528471CA11655003735E9 /* Base */ = {isa = PBXFileReference; lastKnownFileType = file.storyboard; name = Base; path = Base.lproj/LaunchScreen.storyboard; sourceTree = "<group>"; };
		A1E528491CA11655003735E9 /* Info.plist */ = {isa = PBXFileReference; lastKnownFileType = text.plist.xml; path = Info.plist; sourceTree = "<group>"; };
		A1E5284F1CA1219D003735E9 /* ViewController1.h */ = {isa = PBXFileReference; fileEncoding = 4; lastKnownFileType = sourcecode.c.h; path = ViewController1.h; sourceTree = "<group>"; };
		A1E528501CA1219D003735E9 /* ViewController1.m */ = {isa = PBXFileReference; fileEncoding = 4; lastKnownFileType = sourcecode.c.objc; path = ViewController1.m; sourceTree = "<group>"; };
		A1E528521CA121A8003735E9 /* ViewController2.h */ = {isa = PBXFileReference; fileEncoding = 4; lastKnownFileType = sourcecode.c.h; path = ViewController2.h; sourceTree = "<group>"; };
		A1E528531CA121A8003735E9 /* ViewController2.m */ = {isa = PBXFileReference; fileEncoding = 4; lastKnownFileType = sourcecode.c.objc; path = ViewController2.m; sourceTree = "<group>"; };
		A1E528581CA1245A003735E9 /* SearchBar.h */ = {isa = PBXFileReference; fileEncoding = 4; lastKnownFileType = sourcecode.c.h; path = SearchBar.h; sourceTree = "<group>"; };
		A1E528591CA1245A003735E9 /* SearchBar.m */ = {isa = PBXFileReference; fileEncoding = 4; lastKnownFileType = sourcecode.c.objc; path = SearchBar.m; sourceTree = "<group>"; };
		A1E5285E1CA14C6D003735E9 /* SearchLogic.h */ = {isa = PBXFileReference; fileEncoding = 4; lastKnownFileType = sourcecode.c.h; path = SearchLogic.h; sourceTree = "<group>"; };
		A1E5285F1CA14C6D003735E9 /* SearchLogic.m */ = {isa = PBXFileReference; fileEncoding = 4; lastKnownFileType = sourcecode.c.objc; path = SearchLogic.m; sourceTree = "<group>"; };
/* End PBXFileReference section */

/* Begin PBXFrameworksBuildPhase section */
		A1E528321CA11655003735E9 /* Frameworks */ = {
			isa = PBXFrameworksBuildPhase;
			buildActionMask = 2147483647;
			files = (
			);
			runOnlyForDeploymentPostprocessing = 0;
		};
/* End PBXFrameworksBuildPhase section */

/* Begin PBXGroup section */
		A1E5282C1CA11655003735E9 = {
			isa = PBXGroup;
			children = (
				A1E528371CA11655003735E9 /* Object */,
				A1E528361CA11655003735E9 /* Products */,
			);
			sourceTree = "<group>";
		};
		A1E528361CA11655003735E9 /* Products */ = {
			isa = PBXGroup;
			children = (
				A1E528351CA11655003735E9 /* Object.app */,
			);
			name = Products;
			sourceTree = "<group>";
		};
		A1E528371CA11655003735E9 /* Object */ = {
			isa = PBXGroup;
			children = (
				A1E5283B1CA11655003735E9 /* AppDelegate.h */,
				A1E5283C1CA11655003735E9 /* AppDelegate.m */,
				A1E5285E1CA14C6D003735E9 /* SearchLogic.h */,
				A1E5285F1CA14C6D003735E9 /* SearchLogic.m */,
				A1E528581CA1245A003735E9 /* SearchBar.h */,
				A1E528591CA1245A003735E9 /* SearchBar.m */,
				A1E5283E1CA11655003735E9 /* ViewController.h */,
				A1E5283F1CA11655003735E9 /* ViewController.m */,
				A1E5284F1CA1219D003735E9 /* ViewController1.h */,
				A1E528501CA1219D003735E9 /* ViewController1.m */,
				A1E528521CA121A8003735E9 /* ViewController2.h */,
				A1E528531CA121A8003735E9 /* ViewController2.m */,
				A1E528411CA11655003735E9 /* Main.storyboard */,
				A1E528441CA11655003735E9 /* Assets.xcassets */,
				A1E528461CA11655003735E9 /* LaunchScreen.storyboard */,
				A1E528491CA11655003735E9 /* Info.plist */,
				A1E528381CA11655003735E9 /* Supporting Files */,
			);
			path = Object;
			sourceTree = "<group>";
		};
		A1E528381CA11655003735E9 /* Supporting Files */ = {
			isa = PBXGroup;
			children = (
				A1E528391CA11655003735E9 /* main.m */,
			);
			name = "Supporting Files";
			sourceTree = "<group>";
		};
/* End PBXGroup section */

/* Begin PBXNativeTarget section */
		A1E528341CA11655003735E9 /* Object */ = {
			isa = PBXNativeTarget;
			buildConfigurationList = A1E5284C1CA11655003735E9 /* Build configuration list for PBXNativeTarget "Object" */;
			buildPhases = (
				A1E528311CA11655003735E9 /* Sources */,
				A1E528321CA11655003735E9 /* Frameworks */,
				A1E528331CA11655003735E9 /* Resources */,
			);
			buildRules = (
			);
			dependencies = (
			);
			name = Object;
			productName = Object;
			productReference = A1E528351CA11655003735E9 /* Object.app */;
			productType = "com.apple.product-type.application";
		};
/* End PBXNativeTarget section */

/* Begin PBXProject section */
		A1E5282D1CA11655003735E9 /* Project object */ = {
			isa = PBXProject;
			attributes = {
				LastUpgradeCheck = 0710;
				ORGANIZATIONNAME = "Lugick Wang";
				TargetAttributes = {
					A1E528341CA11655003735E9 = {
						CreatedOnToolsVersion = 7.1.1;
					};
				};
			};
			buildConfigurationList = A1E528301CA11655003735E9 /* Build configuration list for PBXProject "Object" */;
			compatibilityVersion = "Xcode 3.2";
			developmentRegion = English;
			hasScannedForEncodings = 0;
			knownRegions = (
				en,
				Base,
			);
			mainGroup = A1E5282C1CA11655003735E9;
			productRefGroup = A1E528361CA11655003735E9 /* Products */;
			projectDirPath = "";
			projectRoot = "";
			targets = (
				A1E528341CA11655003735E9 /* Object */,
			);
		};
/* End PBXProject section */

/* Begin PBXResourcesBuildPhase section */
		A1E528331CA11655003735E9 /* Resources */ = {
			isa = PBXResourcesBuildPhase;
			buildActionMask = 2147483647;
			files = (
				A1E528481CA11655003735E9 /* LaunchScreen.storyboard in Resources */,
				A1E528451CA11655003735E9 /* Assets.xcassets in Resources */,
				A1E528431CA11655003735E9 /* Main.storyboard in Resources */,
			);
			runOnlyForDeploymentPostprocessing = 0;
		};
/* End PBXResourcesBuildPhase section */

/* Begin PBXSourcesBuildPhase section */
		A1E528311CA11655003735E9 /* Sources */ = {
			isa = PBXSourcesBuildPhase;
			buildActionMask = 2147483647;
			files = (
				A1E528511CA1219D003735E9 /* ViewController1.m in Sources */,
				A1E528401CA11655003735E9 /* ViewController.m in Sources */,
				A1E528601CA14C6D003735E9 /* SearchLogic.m in Sources */,
				A1E528541CA121A8003735E9 /* ViewController2.m in Sources */,
				A1E5283D1CA11655003735E9 /* AppDelegate.m in Sources */,
				A1E5283A1CA11655003735E9 /* main.m in Sources */,
				A1E5285A1CA1245A003735E9 /* SearchBar.m in Sources */,
			);
			runOnlyForDeploymentPostprocessing = 0;
		};
/* End PBXSourcesBuildPhase section */

/* Begin PBXVariantGroup section */
		A1E528411CA11655003735E9 /* Main.storyboard */ = {
			isa = PBXVariantGroup;
			children = (
				A1E528421CA11655003735E9 /* Base */,
			);
			name = Main.storyboard;
			sourceTree = "<group>";
		};
		A1E528461CA11655003735E9 /* LaunchScreen.storyboard */ = {
			isa = PBXVariantGroup;
			children = (
				A1E528471CA11655003735E9 /* Base */,
			);
			name = LaunchScreen.storyboard;
			sourceTree = "<group>";
		};
/* End PBXVariantGroup section */

/* Begin XCBuildConfiguration section */
		A1E5284A1CA11655003735E9 /* Debug */ = {
			isa = XCBuildConfiguration;
			buildSettings = {
				ALWAYS_SEARCH_USER_PATHS = NO;
				CLANG_CXX_LANGUAGE_STANDARD = "gnu++0x";
				CLANG_CXX_LIBRARY = "libc++";
				CLANG_ENABLE_MODULES = YES;
				CLANG_ENABLE_OBJC_ARC = YES;
				CLANG_WARN_BOOL_CONVERSION = YES;
				CLANG_WARN_CONSTANT_CONVERSION = YES;
				CLANG_WARN_DIRECT_OBJC_ISA_USAGE = YES_ERROR;
				CLANG_WARN_EMPTY_BODY = YES;
				CLANG_WARN_ENUM_CONVERSION = YES;
				CLANG_WARN_INT_CONVERSION = YES;
				CLANG_WARN_OBJC_ROOT_CLASS = YES_ERROR;
				CLANG_WARN_UNREACHABLE_CODE = YES;
				CLANG_WARN__DUPLICATE_METHOD_MATCH = YES;
				"CODE_SIGN_IDENTITY[sdk=iphoneos*]" = "iPhone Developer";
				COPY_PHASE_STRIP = NO;
				DEBUG_INFORMATION_FORMAT = dwarf;
				ENABLE_STRICT_OBJC_MSGSEND = YES;
				ENABLE_TESTABILITY = YES;
				GCC_C_LANGUAGE_STANDARD = gnu99;
				GCC_DYNAMIC_NO_PIC = NO;
				GCC_NO_COMMON_BLOCKS = YES;
				GCC_OPTIMIZATION_LEVEL = 0;
				GCC_PREPROCESSOR_DEFINITIONS = (
					"DEBUG=1",
					"$(inherited)",
				);
				GCC_WARN_64_TO_32_BIT_CONVERSION = YES;
				GCC_WARN_ABOUT_RETURN_TYPE = YES_ERROR;
				GCC_WARN_UNDECLARED_SELECTOR = YES;
				GCC_WARN_UNINITIALIZED_AUTOS = YES_AGGRESSIVE;
				GCC_WARN_UNUSED_FUNCTION = YES;
				GCC_WARN_UNUSED_VARIABLE = YES;
				IPHONEOS_DEPLOYMENT_TARGET = 9.1;
				MTL_ENABLE_DEBUG_INFO = YES;
				ONLY_ACTIVE_ARCH = YES;
				SDKROOT = iphoneos;
			};
			name = Debug;
		};
		A1E5284B1CA11655003735E9 /* Release */ = {
			isa = XCBuildConfiguration;
			buildSettings = {
				ALWAYS_SEARCH_USER_PATHS = NO;
				CLANG_CXX_LANGUAGE_STANDARD = "gnu++0x";
				CLANG_CXX_LIBRARY = "libc++";
				CLANG_ENABLE_MODULES = YES;
				CLANG_ENABLE_OBJC_ARC = YES;
				CLANG_WARN_BOOL_CONVERSION = YES;
				CLANG_WARN_CONSTANT_CONVERSION = YES;
				CLANG_WARN_DIRECT_OBJC_ISA_USAGE = YES_ERROR;
				CLANG_WARN_EMPTY_BODY = YES;
				CLANG_WARN_ENUM_CONVERSION = YES;
				CLANG_WARN_INT_CONVERSION = YES;
				CLANG_WARN_OBJC_ROOT_CLASS = YES_ERROR;
				CLANG_WARN_UNREACHABLE_CODE = YES;
				CLANG_WARN__DUPLICATE_METHOD_MATCH = YES;
				"CODE_SIGN_IDENTITY[sdk=iphoneos*]" = "iPhone Developer";
				COPY_PHASE_STRIP = NO;
				DEBUG_INFORMATION_FORMAT = "dwarf-with-dsym";
				ENABLE_NS_ASSERTIONS = NO;
				ENABLE_STRICT_OBJC_MSGSEND = YES;
				GCC_C_LANGUAGE_STANDARD = gnu99;
				GCC_NO_COMMON_BLOCKS = YES;
				GCC_WARN_64_TO_32_BIT_CONVERSION = YES;
				GCC_WARN_ABOUT_RETURN_TYPE = YES_ERROR;
				GCC_WARN_UNDECLARED_SELECTOR = YES;
				GCC_WARN_UNINITIALIZED_AUTOS = YES_AGGRESSIVE;
				GCC_WARN_UNUSED_FUNCTION = YES;
				GCC_WARN_UNUSED_VARIABLE = YES;
				IPHONEOS_DEPLOYMENT_TARGET = 9.1;
				MTL_ENABLE_DEBUG_INFO = NO;
				SDKROOT = iphoneos;
				VALIDATE_PRODUCT = YES;
			};
			name = Release;
		};
		A1E5284D1CA11655003735E9 /* Debug */ = {
			isa = XCBuildConfiguration;
			buildSettings = {
				ASSETCATALOG_COMPILER_APPICON_NAME = AppIcon;
				INFOPLIST_FILE = Object/Info.plist;
				LD_RUNPATH_SEARCH_PATHS = "$(inherited) @executable_path/Frameworks";
				PRODUCT_BUNDLE_IDENTIFIER = com.guike.Object;
				PRODUCT_NAME = "$(TARGET_NAME)";
			};
			name = Debug;
		};
		A1E5284E1CA11655003735E9 /* Release */ = {
			isa = XCBuildConfiguration;
			buildSettings = {
				ASSETCATALOG_COMPILER_APPICON_NAME = AppIcon;
				INFOPLIST_FILE = Object/Info.plist;
				LD_RUNPATH_SEARCH_PATHS = "$(inherited) @executable_path/Frameworks";
				PRODUCT_BUNDLE_IDENTIFIER = com.guike.Object;
				PRODUCT_NAME = "$(TARGET_NAME)";
			};
			name = Release;
		};
/* End XCBuildConfiguration section */

/* Begin XCConfigurationList section */
		A1E528301CA11655003735E9 /* Build configuration list for PBXProject "Object" */ = {
			isa = XCConfigurationList;
			buildConfigurations = (
				A1E5284A1CA11655003735E9 /* Debug */,
				A1E5284B1CA11655003735E9 /* Release */,
			);
			defaultConfigurationIsVisible = 0;
			defaultConfigurationName = Release;
		};
		A1E5284C1CA11655003735E9 /* Build configuration list for PBXNativeTarget "Object" */ = {
			isa = XCConfigurationList;
			buildConfigurations = (
				A1E5284D1CA11655003735E9 /* Debug */,
				A1E5284E1CA11655003735E9 /* Release */,
			);
			defaultConfigurationIsVisible = 0;
			defaultConfigurationName = Release;
		};
/* End XCConfigurationList section */
	};
	rootObject = A1E5282D1CA11655003735E9 /* Project object */;
}
